
Microsoft Visual Studio Solution File, Format Version 12.00
# Visual Studio 15
VisualStudioVersion = 15.0.28010.2036
MinimumVisualStudioVersion = 10.0.40219.1
Project("{FAE04EC0-301F-11D3-BF4B-00C04F79EFBC}") = "Kalkulator", "Kalkulator\Kalkulator.csproj", "{07A7BA38-2F38-4C3F-A28D-7360E0E6AEDB}"
EndProject
Project("{FAE04EC0-301F-11D3-BF4B-00C04F79EFBC}") = "Kalkulator.Tests", "Kalkulator.Tests\Kalkulator.Tests.csproj", "{ED319D4E-2755-4F90-AC49-D415AD9F8862}"
EndProject
Project("{FAE04EC0-301F-11D3-BF4B-00C04F79EFBC}") = "Kalkulator.Tests.BDD", "Kalkulator.Tests.BDD\Kalkulator.Tests.BDD.csproj", "{943A8940-AB4B-45BD-9143-DD215BD21E0C}"
EndProject
Global
	GlobalSection(SolutionConfigurationPlatforms) = preSolution
		Debug|Any CPU = Debug|Any CPU
		Release|Any CPU = Release|Any CPU
	EndGlobalSection
	GlobalSection(ProjectConfigurationPlatforms) = postSolution
		{07A7BA38-2F38-4C3F-A28D-7360E0E6AEDB}.Debug|Any CPU.ActiveCfg = Debug|Any CPU
		{07A7BA38-2F38-4C3F-A28D-7360E0E6AEDB}.Debug|Any CPU.Build.0 = Debug|Any CPU
		{07A7BA38-2F38-4C3F-A28D-7360E0E6AEDB}.Release|Any CPU.ActiveCfg = Release|Any CPU
		{07A7BA38-2F38-4C3F-A28D-7360E0E6AEDB}.Release|Any CPU.Build.0 = Release|Any CPU
		{ED319D4E-2755-4F90-AC49-D415AD9F8862}.Debug|Any CPU.ActiveCfg = Debug|Any CPU
		{ED319D4E-2755-4F90-AC49-D415AD9F8862}.Debug|Any CPU.Build.0 = Debug|Any CPU
		{ED319D4E-2755-4F90-AC49-D415AD9F8862}.Release|Any CPU.ActiveCfg = Release|Any CPU
		{ED319D4E-2755-4F90-AC49-D415AD9F8862}.Release|Any CPU.Build.0 = Release|Any CPU
		{943A8940-AB4B-45BD-9143-DD215BD21E0C}.Debug|Any CPU.ActiveCfg = Debug|Any CPU
		{943A8940-AB4B-45BD-9143-DD215BD21E0C}.Debug|Any CPU.Build.0 = Debug|Any CPU
		{943A8940-AB4B-45BD-9143-DD215BD21E0C}.Release|Any CPU.ActiveCfg = Release|Any CPU
		{943A8940-AB4B-45BD-9143-DD215BD21E0C}.Release|Any CPU.Build.0 = Release|Any CPU
	EndGlobalSection
	GlobalSection(SolutionProperties) = preSolution
		HideSolutionNode = FALSE
	EndGlobalSection
	GlobalSection(ExtensibilityGlobals) = postSolution
		SolutionGuid = {F9001834-49F5-4C2E-B25B-1BAE8F759EC3}
	EndGlobalSection
EndGlobal
